
Microsoft Visual Studio Solution File, Format Version 11.00
# Visual Studio 2010
# SharpDevelop 5.1
Project("{FAE04EC0-301F-11D3-BF4B-00C04F79EFBC}") = "MoveToSubFolders", "MoveToSubFolders.csproj", "{A0583CA1-9732-4FF6-B6F5-0B136A578EFE}"
EndProject
Global
	GlobalSection(SolutionConfigurationPlatforms) = preSolution
		Debug|Any CPU = Debug|Any CPU
		Release|Any CPU = Release|Any CPU
	EndGlobalSection
	GlobalSection(ProjectConfigurationPlatforms) = postSolution
		{A0583CA1-9732-4FF6-B6F5-0B136A578EFE}.Debug|Any CPU.ActiveCfg = Debug|Any CPU
		{A0583CA1-9732-4FF6-B6F5-0B136A578EFE}.Debug|Any CPU.Build.0 = Debug|Any CPU
		{A0583CA1-9732-4FF6-B6F5-0B136A578EFE}.Release|Any CPU.ActiveCfg = Release|Any CPU
		{A0583CA1-9732-4FF6-B6F5-0B136A578EFE}.Release|Any CPU.Build.0 = Release|Any CPU
	EndGlobalSection
EndGlobal
